{
  "nodes": {
    "flake-utils": {
      "inputs": {
        "systems": "systems"
      },
      "locked": {
        "lastModified": 1726560853,
        "narHash": "sha256-X6rJYSESBVr3hBoH0WbKE5KvhPU5bloyZ2L4K60/fPQ=",
        "owner": "numtide",
        "repo": "flake-utils",
        "rev": "c1dfcf08411b08f6b8615f7d8971a2bfa81d5e8a",
        "type": "github"
      },
      "original": {
        "owner": "numtide",
        "repo": "flake-utils",
        "type": "github"
      }
    },
    "flake-utils_2": {
      "inputs": {
        "systems": "systems_2"
      },
      "locked": {
        "lastModified": 1726560853,
        "narHash": "sha256-X6rJYSESBVr3hBoH0WbKE5KvhPU5bloyZ2L4K60/fPQ=",
        "owner": "numtide",
        "repo": "flake-utils",
        "rev": "c1dfcf08411b08f6b8615f7d8971a2bfa81d5e8a",
        "type": "github"
      },
      "original": {
        "owner": "numtide",
        "repo": "flake-utils",
        "type": "github"
      }
    },
    "nixpkgs": {
      "locked": {
        "lastModified": 1730785428,
        "narHash": "sha256-Zwl8YgTVJTEum+L+0zVAWvXAGbWAuXHax3KzuejaDyo=",
        "owner": "nixos",
        "repo": "nixpkgs",
        "rev": "4aa36568d413aca0ea84a1684d2d46f55dbabad7",
        "type": "github"
      },
      "original": {
        "owner": "nixos",
        "ref": "nixos-unstable",
        "repo": "nixpkgs",
        "type": "github"
      }
    },
    "nixpkgs_2": {
      "locked": {
        "lastModified": 1730327045,
        "narHash": "sha256-xKel5kd1AbExymxoIfQ7pgcX6hjw9jCgbiBjiUfSVJ8=",
        "owner": "nixos",
        "repo": "nixpkgs",
        "rev": "080166c15633801df010977d9d7474b4a6c549d7",
        "type": "github"
      },
      "original": {
        "owner": "nixos",
        "ref": "nixos-24.05",
        "repo": "nixpkgs",
        "type": "github"
      }
    },
    "root": {
      "inputs": {
        "flake-utils": "flake-utils",
        "nixpkgs": "nixpkgs",
        "task-gen": "task-gen"
      }
    },
    "systems": {
      "locked": {
        "lastModified": 1681028828,
        "narHash": "sha256-Vy1rq5AaRuLzOxct8nz4T6wlgyUR7zLU309k9mBC768=",
        "owner": "nix-systems",
        "repo": "default",
        "rev": "da67096a3b9bf56a91d16901293e51ba5b49a27e",
        "type": "github"
      },
      "original": {
        "owner": "nix-systems",
        "repo": "default",
        "type": "github"
      }
    },
    "systems_2": {
      "locked": {
        "lastModified": 1681028828,
        "narHash": "sha256-Vy1rq5AaRuLzOxct8nz4T6wlgyUR7zLU309k9mBC768=",
        "owner": "nix-systems",
        "repo": "default",
        "rev": "da67096a3b9bf56a91d16901293e51ba5b49a27e",
        "type": "github"
      },
      "original": {
        "owner": "nix-systems",
        "repo": "default",
        "type": "github"
      }
    },
    "task-gen": {
      "inputs": {
        "flake-utils": "flake-utils_2",
        "nixpkgs": "nixpkgs_2",
        "txtx": "txtx"
      },
      "locked": {
        "lastModified": 1730972454,
        "narHash": "sha256-+24Q+MaDLlvmolFcP8/6n9sebDF+Kz2tGSi4B8cJS8o=",
        "owner": "BalderHolst",
        "repo": "task-gen.nix",
        "rev": "0d08d3450cc5c734dda906c6759abd4813b5fdbc",
        "type": "github"
      },
      "original": {
        "owner": "BalderHolst",
        "repo": "task-gen.nix",
        "type": "github"
      }
    },
    "task-gen_2": {
      "inputs": {
        "flake-utils": [
          "task-gen",
          "txtx",
          "flake-utils"
        ],
        "nixpkgs": [
          "task-gen",
          "txtx",
          "nixpkgs"
        ],
        "txtx": "txtx_2"
      },
      "locked": {
        "lastModified": 1730624694,
        "narHash": "sha256-UEQ9h+C9qsxYbF9bfu+o/jFuGFrE4XBs4Gpimo6zFvY=",
        "owner": "BalderHolst",
        "repo": "task-gen.nix",
        "rev": "5e5c11837bf8484411648b49ae120c7bd8b0bdcc",
        "type": "github"
      },
      "original": {
        "owner": "BalderHolst",
        "repo": "task-gen.nix",
        "type": "github"
      }
    },
    "txtx": {
      "inputs": {
        "flake-utils": [
          "task-gen",
          "flake-utils"
        ],
        "nixpkgs": [
          "task-gen",
          "nixpkgs"
        ],
        "task-gen": "task-gen_2"
      },
      "locked": {
        "lastModified": 1730625062,
        "narHash": "sha256-xVyc7xTG2QWeHm0N/lyYSXGApkQi6Mg/KsPTaELBQj8=",
        "owner": "BalderHolst",
        "repo": "txtx",
        "rev": "d268d09cffe5b893be68e92b03ac8f96ebf7a1c8",
        "type": "github"
      },
      "original": {
        "owner": "BalderHolst",
        "repo": "txtx",
        "type": "github"
      }
    },
    "txtx_2": {
      "inputs": {
        "flake-utils": [
          "task-gen",
          "txtx",
          "task-gen",
          "flake-utils"
        ],
        "nixpkgs": [
          "task-gen",
          "txtx",
          "task-gen",
          "nixpkgs"
        ]
      },
      "locked": {
        "lastModified": 1730301127,
        "narHash": "sha256-Ue/BlnK62iJYxItqEPZVLeQ2OpTmi41PkdBryLY/VT0=",
        "owner": "BalderHolst",
        "repo": "txtx",
        "rev": "3f1c47fecf10fbff28d72aaafc014f691bc3d663",
        "type": "github"
      },
      "original": {
        "owner": "BalderHolst",
        "repo": "txtx",
        "type": "github"
      }
    }
  },
  "root": "root",
  "version": 7
}
